PODS:
  - RKUIExtensions (0.1.0)

DEPENDENCIES:
  - RKUIExtensions (= 0.1.0)

SPEC REPOS:
  https://github.com/cocoapods/specs.git:
    - RKUIExtensions

SPEC CHECKSUMS:
  RKUIExtensions: 1aaf45b7d475d140dea32f9c3b6577d6c09763ee

PODFILE CHECKSUM: 478e016e5fc37400b2ff147f413ef588491d3c86

COCOAPODS: 1.5.2
