// !$*UTF8*$!
{
	archiveVersion = 1;
	classes = {
	};
	objectVersion = 50;
	objects = {

/* Begin PBXBuildFile section */
		BB546860215BFF2900337775 /* RKConstraintCenterXBuilder.swift in Sources */ = {isa = PBXBuildFile; fileRef = BB54685F215BFF2900337775 /* RKConstraintCenterXBuilder.swift */; };
		BB546862215BFF3200337775 /* RKConstraintCenterYBuilder.swift in Sources */ = {isa = PBXBuildFile; fileRef = BB546861215BFF3200337775 /* RKConstraintCenterYBuilder.swift */; };
		BB546864215BFF8300337775 /* RKConstraintCenter.swift in Sources */ = {isa = PBXBuildFile; fileRef = BB546863215BFF8300337775 /* RKConstraintCenter.swift */; };
		BB546867215BFFEB00337775 /* RKConstraintBuilder.swift in Sources */ = {isa = PBXBuildFile; fileRef = BB546866215BFFEB00337775 /* RKConstraintBuilder.swift */; };
		BB546869215C005C00337775 /* RKConstraintCenterTests.swift in Sources */ = {isa = PBXBuildFile; fileRef = BB546868215C005C00337775 /* RKConstraintCenterTests.swift */; };
		BB54686D215C054700337775 /* UIViewExtCenterTests.swift in Sources */ = {isa = PBXBuildFile; fileRef = BB54686C215C054700337775 /* UIViewExtCenterTests.swift */; };
		BB546870215D4F5900337775 /* UIViewExtAddAllTests.swift in Sources */ = {isa = PBXBuildFile; fileRef = BB54686F215D4F5900337775 /* UIViewExtAddAllTests.swift */; };
		BB546873215D51BA00337775 /* RKConstraintSize.swift in Sources */ = {isa = PBXBuildFile; fileRef = BB546872215D51BA00337775 /* RKConstraintSize.swift */; };
		BB546876215D521500337775 /* RKConstraintSizeTests.swift in Sources */ = {isa = PBXBuildFile; fileRef = BB546875215D521500337775 /* RKConstraintSizeTests.swift */; };
		BB546878215D529C00337775 /* UIViewExtSizeTests.swift in Sources */ = {isa = PBXBuildFile; fileRef = BB546877215D529C00337775 /* UIViewExtSizeTests.swift */; };
		BB54687A215D5C1400337775 /* RKConstraintWidthBuilder.swift in Sources */ = {isa = PBXBuildFile; fileRef = BB546879215D5C1400337775 /* RKConstraintWidthBuilder.swift */; };
		BB54687C215D5C2000337775 /* RKConstraintHeightBuilder.swift in Sources */ = {isa = PBXBuildFile; fileRef = BB54687B215D5C2000337775 /* RKConstraintHeightBuilder.swift */; };
		BB54D8E4217276FB00CAF502 /* UIApplication.swift in Sources */ = {isa = PBXBuildFile; fileRef = BB54D8E3217276FB00CAF502 /* UIApplication.swift */; };
		BB83443A215F9A820011757E /* RKConstraintEdge.swift in Sources */ = {isa = PBXBuildFile; fileRef = BB834439215F9A820011757E /* RKConstraintEdge.swift */; };
		BB83443C215F9B090011757E /* RKConstraintLeftBuilder.swift in Sources */ = {isa = PBXBuildFile; fileRef = BB83443B215F9B090011757E /* RKConstraintLeftBuilder.swift */; };
		BB83443E215F9B160011757E /* RKConstraintBottomBuilder.swift in Sources */ = {isa = PBXBuildFile; fileRef = BB83443D215F9B160011757E /* RKConstraintBottomBuilder.swift */; };
		BB834441215F9C240011757E /* UIViewExtEdgeTests.swift in Sources */ = {isa = PBXBuildFile; fileRef = BB834440215F9C240011757E /* UIViewExtEdgeTests.swift */; };
		BB834443215FA8E60011757E /* RKConstraintTopBuilder.swift in Sources */ = {isa = PBXBuildFile; fileRef = BB834442215FA8E60011757E /* RKConstraintTopBuilder.swift */; };
		BB834445215FA8F30011757E /* RKConstraintLeadingBuilder.swift in Sources */ = {isa = PBXBuildFile; fileRef = BB834444215FA8F30011757E /* RKConstraintLeadingBuilder.swift */; };
		BB834447215FA8FE0011757E /* RKConstraintRightBuilder.swift in Sources */ = {isa = PBXBuildFile; fileRef = BB834446215FA8FE0011757E /* RKConstraintRightBuilder.swift */; };
		BB834449215FA90A0011757E /* RKConstraintTrailingBuilder.swift in Sources */ = {isa = PBXBuildFile; fileRef = BB834448215FA90A0011757E /* RKConstraintTrailingBuilder.swift */; };
		BB83444D216013670011757E /* UIViewExtEdgeMinTests.swift in Sources */ = {isa = PBXBuildFile; fileRef = BB83444C216013670011757E /* UIViewExtEdgeMinTests.swift */; };
		BB83444F216014470011757E /* UIViewExtEdgeMaxTests.swift in Sources */ = {isa = PBXBuildFile; fileRef = BB83444E216014470011757E /* UIViewExtEdgeMaxTests.swift */; };
		BB834451216016780011757E /* RKConstraintBuilderTests.swift in Sources */ = {isa = PBXBuildFile; fileRef = BB834450216016780011757E /* RKConstraintBuilderTests.swift */; };
		BB834453216026070011757E /* UIView+Baseline.swift in Sources */ = {isa = PBXBuildFile; fileRef = BB834452216026070011757E /* UIView+Baseline.swift */; };
		BB834456216026B40011757E /* RKConstraintBaseline.swift in Sources */ = {isa = PBXBuildFile; fileRef = BB834455216026B40011757E /* RKConstraintBaseline.swift */; };
		BB834458216028C70011757E /* RKConstraintFirstBaselineBuilder.swift in Sources */ = {isa = PBXBuildFile; fileRef = BB834457216028C70011757E /* RKConstraintFirstBaselineBuilder.swift */; };
		BB83445A216028EE0011757E /* RKConstraintLastBaselineBuilder.swift in Sources */ = {isa = PBXBuildFile; fileRef = BB834459216028EE0011757E /* RKConstraintLastBaselineBuilder.swift */; };
		BB83445D2160C2CF0011757E /* RKConstraintBaselineTests.swift in Sources */ = {isa = PBXBuildFile; fileRef = BB83445C2160C2CF0011757E /* RKConstraintBaselineTests.swift */; };
		BB83445F2160C67F0011757E /* UIViewExtBaselinesTests.swift in Sources */ = {isa = PBXBuildFile; fileRef = BB83445E2160C67E0011757E /* UIViewExtBaselinesTests.swift */; };
		BB91AF5D21A1B999005BB88D /* Typealiases.swift in Sources */ = {isa = PBXBuildFile; fileRef = BB91AF5C21A1B999005BB88D /* Typealiases.swift */; };
		BBB8FAA320CE5CF300A81120 /* RKAutoLayout.framework in Frameworks */ = {isa = PBXBuildFile; fileRef = BBB8FA9920CE5CF300A81120 /* RKAutoLayout.framework */; };
		BBB8FAA820CE5CF300A81120 /* ArrayExt.swift in Sources */ = {isa = PBXBuildFile; fileRef = BBB8FAA720CE5CF300A81120 /* ArrayExt.swift */; };
		BBB8FAAA20CE5CF300A81120 /* RKAutoLayout.h in Headers */ = {isa = PBXBuildFile; fileRef = BBB8FA9C20CE5CF300A81120 /* RKAutoLayout.h */; settings = {ATTRIBUTES = (Public, ); }; };
		BBFD275F20CE5D760065BFA1 /* SafeAreaCompatibility.swift in Sources */ = {isa = PBXBuildFile; fileRef = BBFD275720CE5D760065BFA1 /* SafeAreaCompatibility.swift */; };
		BBFD276020CE5D760065BFA1 /* UIView+AddAll.swift in Sources */ = {isa = PBXBuildFile; fileRef = BBFD275920CE5D760065BFA1 /* UIView+AddAll.swift */; };
		BBFD276120CE5D760065BFA1 /* UIView+Edge.swift in Sources */ = {isa = PBXBuildFile; fileRef = BBFD275A20CE5D760065BFA1 /* UIView+Edge.swift */; };
		BBFD276220CE5D760065BFA1 /* UIView+ConstraintStorage.swift in Sources */ = {isa = PBXBuildFile; fileRef = BBFD275B20CE5D760065BFA1 /* UIView+ConstraintStorage.swift */; };
		BBFD276320CE5D760065BFA1 /* UIView+Center.swift in Sources */ = {isa = PBXBuildFile; fileRef = BBFD275C20CE5D760065BFA1 /* UIView+Center.swift */; };
		BBFD276420CE5D760065BFA1 /* UIView+Size.swift in Sources */ = {isa = PBXBuildFile; fileRef = BBFD275D20CE5D760065BFA1 /* UIView+Size.swift */; };
		BBFD276520CE5D760065BFA1 /* RKAL.swift in Sources */ = {isa = PBXBuildFile; fileRef = BBFD275E20CE5D760065BFA1 /* RKAL.swift */; };
/* End PBXBuildFile section */

/* Begin PBXContainerItemProxy section */
		BBB8FAA420CE5CF300A81120 /* PBXContainerItemProxy */ = {
			isa = PBXContainerItemProxy;
			containerPortal = BBB8FA9020CE5CF300A81120 /* Project object */;
			proxyType = 1;
			remoteGlobalIDString = BBB8FA9820CE5CF300A81120;
			remoteInfo = RKAutoLayout;
		};
/* End PBXContainerItemProxy section */

/* Begin PBXFileReference section */
		BB54685F215BFF2900337775 /* RKConstraintCenterXBuilder.swift */ = {isa = PBXFileReference; lastKnownFileType = sourcecode.swift; path = RKConstraintCenterXBuilder.swift; sourceTree = "<group>"; };
		BB546861215BFF3200337775 /* RKConstraintCenterYBuilder.swift */ = {isa = PBXFileReference; lastKnownFileType = sourcecode.swift; path = RKConstraintCenterYBuilder.swift; sourceTree = "<group>"; };
		BB546863215BFF8300337775 /* RKConstraintCenter.swift */ = {isa = PBXFileReference; lastKnownFileType = sourcecode.swift; path = RKConstraintCenter.swift; sourceTree = "<group>"; };
		BB546866215BFFEB00337775 /* RKConstraintBuilder.swift */ = {isa = PBXFileReference; lastKnownFileType = sourcecode.swift; path = RKConstraintBuilder.swift; sourceTree = "<group>"; };
		BB546868215C005C00337775 /* RKConstraintCenterTests.swift */ = {isa = PBXFileReference; lastKnownFileType = sourcecode.swift; path = RKConstraintCenterTests.swift; sourceTree = "<group>"; };
		BB54686C215C054700337775 /* UIViewExtCenterTests.swift */ = {isa = PBXFileReference; lastKnownFileType = sourcecode.swift; path = UIViewExtCenterTests.swift; sourceTree = "<group>"; };
		BB54686F215D4F5900337775 /* UIViewExtAddAllTests.swift */ = {isa = PBXFileReference; lastKnownFileType = sourcecode.swift; path = UIViewExtAddAllTests.swift; sourceTree = "<group>"; };
		BB546872215D51BA00337775 /* RKConstraintSize.swift */ = {isa = PBXFileReference; lastKnownFileType = sourcecode.swift; path = RKConstraintSize.swift; sourceTree = "<group>"; };
		BB546875215D521500337775 /* RKConstraintSizeTests.swift */ = {isa = PBXFileReference; lastKnownFileType = sourcecode.swift; path = RKConstraintSizeTests.swift; sourceTree = "<group>"; };
		BB546877215D529C00337775 /* UIViewExtSizeTests.swift */ = {isa = PBXFileReference; lastKnownFileType = sourcecode.swift; path = UIViewExtSizeTests.swift; sourceTree = "<group>"; };
		BB546879215D5C1400337775 /* RKConstraintWidthBuilder.swift */ = {isa = PBXFileReference; lastKnownFileType = sourcecode.swift; path = RKConstraintWidthBuilder.swift; sourceTree = "<group>"; };
		BB54687B215D5C2000337775 /* RKConstraintHeightBuilder.swift */ = {isa = PBXFileReference; lastKnownFileType = sourcecode.swift; path = RKConstraintHeightBuilder.swift; sourceTree = "<group>"; };
		BB54D8E3217276FB00CAF502 /* UIApplication.swift */ = {isa = PBXFileReference; lastKnownFileType = sourcecode.swift; path = UIApplication.swift; sourceTree = "<group>"; };
		BB834439215F9A820011757E /* RKConstraintEdge.swift */ = {isa = PBXFileReference; lastKnownFileType = sourcecode.swift; path = RKConstraintEdge.swift; sourceTree = "<group>"; };
		BB83443B215F9B090011757E /* RKConstraintLeftBuilder.swift */ = {isa = PBXFileReference; lastKnownFileType = sourcecode.swift; path = RKConstraintLeftBuilder.swift; sourceTree = "<group>"; };
		BB83443D215F9B160011757E /* RKConstraintBottomBuilder.swift */ = {isa = PBXFileReference; lastKnownFileType = sourcecode.swift; path = RKConstraintBottomBuilder.swift; sourceTree = "<group>"; };
		BB834440215F9C240011757E /* UIViewExtEdgeTests.swift */ = {isa = PBXFileReference; lastKnownFileType = sourcecode.swift; path = UIViewExtEdgeTests.swift; sourceTree = "<group>"; };
		BB834442215FA8E60011757E /* RKConstraintTopBuilder.swift */ = {isa = PBXFileReference; lastKnownFileType = sourcecode.swift; path = RKConstraintTopBuilder.swift; sourceTree = "<group>"; };
		BB834444215FA8F30011757E /* RKConstraintLeadingBuilder.swift */ = {isa = PBXFileReference; lastKnownFileType = sourcecode.swift; path = RKConstraintLeadingBuilder.swift; sourceTree = "<group>"; };
		BB834446215FA8FE0011757E /* RKConstraintRightBuilder.swift */ = {isa = PBXFileReference; lastKnownFileType = sourcecode.swift; path = RKConstraintRightBuilder.swift; sourceTree = "<group>"; };
		BB834448215FA90A0011757E /* RKConstraintTrailingBuilder.swift */ = {isa = PBXFileReference; lastKnownFileType = sourcecode.swift; path = RKConstraintTrailingBuilder.swift; sourceTree = "<group>"; };
		BB83444C216013670011757E /* UIViewExtEdgeMinTests.swift */ = {isa = PBXFileReference; lastKnownFileType = sourcecode.swift; path = UIViewExtEdgeMinTests.swift; sourceTree = "<group>"; };
		BB83444E216014470011757E /* UIViewExtEdgeMaxTests.swift */ = {isa = PBXFileReference; lastKnownFileType = sourcecode.swift; path = UIViewExtEdgeMaxTests.swift; sourceTree = "<group>"; };
		BB834450216016780011757E /* RKConstraintBuilderTests.swift */ = {isa = PBXFileReference; lastKnownFileType = sourcecode.swift; path = RKConstraintBuilderTests.swift; sourceTree = "<group>"; };
		BB834452216026070011757E /* UIView+Baseline.swift */ = {isa = PBXFileReference; lastKnownFileType = sourcecode.swift; path = "UIView+Baseline.swift"; sourceTree = "<group>"; };
		BB834455216026B40011757E /* RKConstraintBaseline.swift */ = {isa = PBXFileReference; lastKnownFileType = sourcecode.swift; path = RKConstraintBaseline.swift; sourceTree = "<group>"; };
		BB834457216028C70011757E /* RKConstraintFirstBaselineBuilder.swift */ = {isa = PBXFileReference; lastKnownFileType = sourcecode.swift; path = RKConstraintFirstBaselineBuilder.swift; sourceTree = "<group>"; };
		BB834459216028EE0011757E /* RKConstraintLastBaselineBuilder.swift */ = {isa = PBXFileReference; lastKnownFileType = sourcecode.swift; path = RKConstraintLastBaselineBuilder.swift; sourceTree = "<group>"; };
		BB83445C2160C2CF0011757E /* RKConstraintBaselineTests.swift */ = {isa = PBXFileReference; lastKnownFileType = sourcecode.swift; path = RKConstraintBaselineTests.swift; sourceTree = "<group>"; };
		BB83445E2160C67E0011757E /* UIViewExtBaselinesTests.swift */ = {isa = PBXFileReference; lastKnownFileType = sourcecode.swift; path = UIViewExtBaselinesTests.swift; sourceTree = "<group>"; };
		BB91AF5C21A1B999005BB88D /* Typealiases.swift */ = {isa = PBXFileReference; lastKnownFileType = sourcecode.swift; path = Typealiases.swift; sourceTree = "<group>"; };
		BBB8FA9920CE5CF300A81120 /* RKAutoLayout.framework */ = {isa = PBXFileReference; explicitFileType = wrapper.framework; includeInIndex = 0; path = RKAutoLayout.framework; sourceTree = BUILT_PRODUCTS_DIR; };
		BBB8FA9C20CE5CF300A81120 /* RKAutoLayout.h */ = {isa = PBXFileReference; lastKnownFileType = sourcecode.c.h; path = RKAutoLayout.h; sourceTree = "<group>"; };
		BBB8FA9D20CE5CF300A81120 /* Info.plist */ = {isa = PBXFileReference; lastKnownFileType = text.plist.xml; path = Info.plist; sourceTree = "<group>"; };
		BBB8FAA220CE5CF300A81120 /* RKAutoLayoutTests.xctest */ = {isa = PBXFileReference; explicitFileType = wrapper.cfbundle; includeInIndex = 0; path = RKAutoLayoutTests.xctest; sourceTree = BUILT_PRODUCTS_DIR; };
		BBB8FAA720CE5CF300A81120 /* ArrayExt.swift */ = {isa = PBXFileReference; lastKnownFileType = sourcecode.swift; path = ArrayExt.swift; sourceTree = "<group>"; };
		BBB8FAA920CE5CF300A81120 /* Info.plist */ = {isa = PBXFileReference; lastKnownFileType = text.plist.xml; path = Info.plist; sourceTree = "<group>"; };
		BBFD275720CE5D760065BFA1 /* SafeAreaCompatibility.swift */ = {isa = PBXFileReference; fileEncoding = 4; lastKnownFileType = sourcecode.swift; path = SafeAreaCompatibility.swift; sourceTree = "<group>"; };
		BBFD275920CE5D760065BFA1 /* UIView+AddAll.swift */ = {isa = PBXFileReference; fileEncoding = 4; lastKnownFileType = sourcecode.swift; path = "UIView+AddAll.swift"; sourceTree = "<group>"; };
		BBFD275A20CE5D760065BFA1 /* UIView+Edge.swift */ = {isa = PBXFileReference; fileEncoding = 4; lastKnownFileType = sourcecode.swift; path = "UIView+Edge.swift"; sourceTree = "<group>"; };
		BBFD275B20CE5D760065BFA1 /* UIView+ConstraintStorage.swift */ = {isa = PBXFileReference; fileEncoding = 4; lastKnownFileType = sourcecode.swift; path = "UIView+ConstraintStorage.swift"; sourceTree = "<group>"; };
		BBFD275C20CE5D760065BFA1 /* UIView+Center.swift */ = {isa = PBXFileReference; fileEncoding = 4; lastKnownFileType = sourcecode.swift; path = "UIView+Center.swift"; sourceTree = "<group>"; };
		BBFD275D20CE5D760065BFA1 /* UIView+Size.swift */ = {isa = PBXFileReference; fileEncoding = 4; lastKnownFileType = sourcecode.swift; path = "UIView+Size.swift"; sourceTree = "<group>"; };
		BBFD275E20CE5D760065BFA1 /* RKAL.swift */ = {isa = PBXFileReference; fileEncoding = 4; lastKnownFileType = sourcecode.swift; path = RKAL.swift; sourceTree = "<group>"; };
/* End PBXFileReference section */

/* Begin PBXFrameworksBuildPhase section */
		BBB8FA9520CE5CF300A81120 /* Frameworks */ = {
			isa = PBXFrameworksBuildPhase;
			buildActionMask = 2147483647;
			files = (
			);
			runOnlyForDeploymentPostprocessing = 0;
		};
		BBB8FA9F20CE5CF300A81120 /* Frameworks */ = {
			isa = PBXFrameworksBuildPhase;
			buildActionMask = 2147483647;
			files = (
				BBB8FAA320CE5CF300A81120 /* RKAutoLayout.framework in Frameworks */,
			);
			runOnlyForDeploymentPostprocessing = 0;
		};
/* End PBXFrameworksBuildPhase section */

/* Begin PBXGroup section */
		338D614CDA8D485E7CAC52CC /* Frameworks */ = {
			isa = PBXGroup;
			children = (
			);
			name = Frameworks;
			sourceTree = "<group>";
		};
		BB54685E215BFF0B00337775 /* Center */ = {
			isa = PBXGroup;
			children = (
				BB54685F215BFF2900337775 /* RKConstraintCenterXBuilder.swift */,
				BB546861215BFF3200337775 /* RKConstraintCenterYBuilder.swift */,
				BB546863215BFF8300337775 /* RKConstraintCenter.swift */,
			);
			path = Center;
			sourceTree = "<group>";
		};
		BB546865215BFFCE00337775 /* Center */ = {
			isa = PBXGroup;
			children = (
				BB546868215C005C00337775 /* RKConstraintCenterTests.swift */,
				BB54686C215C054700337775 /* UIViewExtCenterTests.swift */,
			);
			path = Center;
			sourceTree = "<group>";
		};
		BB54686E215D4F3A00337775 /* All */ = {
			isa = PBXGroup;
			children = (
				BB54686F215D4F5900337775 /* UIViewExtAddAllTests.swift */,
			);
			path = All;
			sourceTree = "<group>";
		};
		BB546871215D519B00337775 /* Size */ = {
			isa = PBXGroup;
			children = (
				BB546879215D5C1400337775 /* RKConstraintWidthBuilder.swift */,
				BB54687B215D5C2000337775 /* RKConstraintHeightBuilder.swift */,
				BB546872215D51BA00337775 /* RKConstraintSize.swift */,
			);
			path = Size;
			sourceTree = "<group>";
		};
		BB546874215D51FB00337775 /* Size */ = {
			isa = PBXGroup;
			children = (
				BB546875215D521500337775 /* RKConstraintSizeTests.swift */,
				BB546877215D529C00337775 /* UIViewExtSizeTests.swift */,
			);
			path = Size;
			sourceTree = "<group>";
		};
		BB54D8E2217276E400CAF502 /* UIApplication */ = {
			isa = PBXGroup;
			children = (
				BB54D8E3217276FB00CAF502 /* UIApplication.swift */,
			);
			path = UIApplication;
			sourceTree = "<group>";
		};
		BB834438215F9A6E0011757E /* Edge */ = {
			isa = PBXGroup;
			children = (
				BB834442215FA8E60011757E /* RKConstraintTopBuilder.swift */,
				BB83443B215F9B090011757E /* RKConstraintLeftBuilder.swift */,
				BB83443D215F9B160011757E /* RKConstraintBottomBuilder.swift */,
				BB834446215FA8FE0011757E /* RKConstraintRightBuilder.swift */,
				BB834444215FA8F30011757E /* RKConstraintLeadingBuilder.swift */,
				BB834448215FA90A0011757E /* RKConstraintTrailingBuilder.swift */,
				BB834439215F9A820011757E /* RKConstraintEdge.swift */,
			);
			path = Edge;
			sourceTree = "<group>";
		};
		BB83443F215F9C020011757E /* Edge */ = {
			isa = PBXGroup;
			children = (
				BB834440215F9C240011757E /* UIViewExtEdgeTests.swift */,
				BB83444C216013670011757E /* UIViewExtEdgeMinTests.swift */,
				BB83444E216014470011757E /* UIViewExtEdgeMaxTests.swift */,
			);
			path = Edge;
			sourceTree = "<group>";
		};
		BB8344542160269B0011757E /* Baseline */ = {
			isa = PBXGroup;
			children = (
				BB834457216028C70011757E /* RKConstraintFirstBaselineBuilder.swift */,
				BB834459216028EE0011757E /* RKConstraintLastBaselineBuilder.swift */,
				BB834455216026B40011757E /* RKConstraintBaseline.swift */,
			);
			path = Baseline;
			sourceTree = "<group>";
		};
		BB83445B2160C29F0011757E /* Baseline */ = {
			isa = PBXGroup;
			children = (
				BB83445C2160C2CF0011757E /* RKConstraintBaselineTests.swift */,
				BB83445E2160C67E0011757E /* UIViewExtBaselinesTests.swift */,
			);
			path = Baseline;
			sourceTree = "<group>";
		};
		BBB8FA8F20CE5CF300A81120 = {
			isa = PBXGroup;
			children = (
				BBB8FA9B20CE5CF300A81120 /* RKAutoLayout */,
				BBB8FAA620CE5CF300A81120 /* RKAutoLayoutTests */,
				BBB8FA9A20CE5CF300A81120 /* Products */,
				338D614CDA8D485E7CAC52CC /* Frameworks */,
			);
			sourceTree = "<group>";
		};
		BBB8FA9A20CE5CF300A81120 /* Products */ = {
			isa = PBXGroup;
			children = (
				BBB8FA9920CE5CF300A81120 /* RKAutoLayout.framework */,
				BBB8FAA220CE5CF300A81120 /* RKAutoLayoutTests.xctest */,
			);
			name = Products;
			sourceTree = "<group>";
		};
		BBB8FA9B20CE5CF300A81120 /* RKAutoLayout */ = {
			isa = PBXGroup;
			children = (
				BBFD275620CE5D760065BFA1 /* Sources */,
				BBB8FA9C20CE5CF300A81120 /* RKAutoLayout.h */,
				BBB8FA9D20CE5CF300A81120 /* Info.plist */,
			);
			path = RKAutoLayout;
			sourceTree = "<group>";
		};
		BBB8FAA620CE5CF300A81120 /* RKAutoLayoutTests */ = {
			isa = PBXGroup;
			children = (
				BB54686E215D4F3A00337775 /* All */,
				BB546865215BFFCE00337775 /* Center */,
				BB546874215D51FB00337775 /* Size */,
				BB83443F215F9C020011757E /* Edge */,
				BB83445B2160C29F0011757E /* Baseline */,
				BBB8FAA720CE5CF300A81120 /* ArrayExt.swift */,
				BBB8FAA920CE5CF300A81120 /* Info.plist */,
				BB834450216016780011757E /* RKConstraintBuilderTests.swift */,
			);
			path = RKAutoLayoutTests;
			sourceTree = "<group>";
		};
		BBFD275620CE5D760065BFA1 /* Sources */ = {
			isa = PBXGroup;
			children = (
				BBFD275720CE5D760065BFA1 /* SafeAreaCompatibility.swift */,
				BB546866215BFFEB00337775 /* RKConstraintBuilder.swift */,
				BB54685E215BFF0B00337775 /* Center */,
				BB546871215D519B00337775 /* Size */,
				BB834438215F9A6E0011757E /* Edge */,
				BB8344542160269B0011757E /* Baseline */,
				BBFD275820CE5D760065BFA1 /* Extensions */,
				BBFD275E20CE5D760065BFA1 /* RKAL.swift */,
				BB91AF5C21A1B999005BB88D /* Typealiases.swift */,
			);
			path = Sources;
			sourceTree = SOURCE_ROOT;
		};
		BBFD275820CE5D760065BFA1 /* Extensions */ = {
			isa = PBXGroup;
			children = (
				BBFD275920CE5D760065BFA1 /* UIView+AddAll.swift */,
				BB834452216026070011757E /* UIView+Baseline.swift */,
				BBFD275C20CE5D760065BFA1 /* UIView+Center.swift */,
				BBFD275B20CE5D760065BFA1 /* UIView+ConstraintStorage.swift */,
				BBFD275A20CE5D760065BFA1 /* UIView+Edge.swift */,
				BBFD275D20CE5D760065BFA1 /* UIView+Size.swift */,
				BB54D8E2217276E400CAF502 /* UIApplication */,
			);
			path = Extensions;
			sourceTree = "<group>";
		};
/* End PBXGroup section */

/* Begin PBXHeadersBuildPhase section */
		BBB8FA9620CE5CF300A81120 /* Headers */ = {
			isa = PBXHeadersBuildPhase;
			buildActionMask = 2147483647;
			files = (
				BBB8FAAA20CE5CF300A81120 /* RKAutoLayout.h in Headers */,
			);
			runOnlyForDeploymentPostprocessing = 0;
		};
/* End PBXHeadersBuildPhase section */

/* Begin PBXNativeTarget section */
		BBB8FA9820CE5CF300A81120 /* RKAutoLayout */ = {
			isa = PBXNativeTarget;
			buildConfigurationList = BBB8FAAD20CE5CF300A81120 /* Build configuration list for PBXNativeTarget "RKAutoLayout" */;
			buildPhases = (
				BBB8FA9420CE5CF300A81120 /* Sources */,
				BBB8FA9520CE5CF300A81120 /* Frameworks */,
				BBB8FA9620CE5CF300A81120 /* Headers */,
				BBB8FA9720CE5CF300A81120 /* Resources */,
			);
			buildRules = (
			);
			dependencies = (
			);
			name = RKAutoLayout;
			productName = RKAutoLayout;
			productReference = BBB8FA9920CE5CF300A81120 /* RKAutoLayout.framework */;
			productType = "com.apple.product-type.framework";
		};
		BBB8FAA120CE5CF300A81120 /* RKAutoLayoutTests */ = {
			isa = PBXNativeTarget;
			buildConfigurationList = BBB8FAB020CE5CF300A81120 /* Build configuration list for PBXNativeTarget "RKAutoLayoutTests" */;
			buildPhases = (
				BBB8FA9E20CE5CF300A81120 /* Sources */,
				BBB8FA9F20CE5CF300A81120 /* Frameworks */,
				BBB8FAA020CE5CF300A81120 /* Resources */,
			);
			buildRules = (
			);
			dependencies = (
				BBB8FAA520CE5CF300A81120 /* PBXTargetDependency */,
			);
			name = RKAutoLayoutTests;
			productName = RKAutoLayoutTests;
			productReference = BBB8FAA220CE5CF300A81120 /* RKAutoLayoutTests.xctest */;
			productType = "com.apple.product-type.bundle.unit-test";
		};
/* End PBXNativeTarget section */

/* Begin PBXProject section */
		BBB8FA9020CE5CF300A81120 /* Project object */ = {
			isa = PBXProject;
			attributes = {
				LastSwiftUpdateCheck = 0930;
				LastUpgradeCheck = 0930;
				ORGANIZATIONNAME = "Roman Kotov";
				TargetAttributes = {
					BBB8FA9820CE5CF300A81120 = {
						CreatedOnToolsVersion = 9.3.1;
					};
					BBB8FAA120CE5CF300A81120 = {
						CreatedOnToolsVersion = 9.3.1;
					};
				};
			};
			buildConfigurationList = BBB8FA9320CE5CF300A81120 /* Build configuration list for PBXProject "RKAutoLayout" */;
			compatibilityVersion = "Xcode 9.3";
			developmentRegion = en;
			hasScannedForEncodings = 0;
			knownRegions = (
				en,
			);
			mainGroup = BBB8FA8F20CE5CF300A81120;
			productRefGroup = BBB8FA9A20CE5CF300A81120 /* Products */;
			projectDirPath = "";
			projectRoot = "";
			targets = (
				BBB8FA9820CE5CF300A81120 /* RKAutoLayout */,
				BBB8FAA120CE5CF300A81120 /* RKAutoLayoutTests */,
			);
		};
/* End PBXProject section */

/* Begin PBXResourcesBuildPhase section */
		BBB8FA9720CE5CF300A81120 /* Resources */ = {
			isa = PBXResourcesBuildPhase;
			buildActionMask = 2147483647;
			files = (
			);
			runOnlyForDeploymentPostprocessing = 0;
		};
		BBB8FAA020CE5CF300A81120 /* Resources */ = {
			isa = PBXResourcesBuildPhase;
			buildActionMask = 2147483647;
			files = (
			);
			runOnlyForDeploymentPostprocessing = 0;
		};
/* End PBXResourcesBuildPhase section */

/* Begin PBXSourcesBuildPhase section */
		BBB8FA9420CE5CF300A81120 /* Sources */ = {
			isa = PBXSourcesBuildPhase;
			buildActionMask = 2147483647;
			files = (
				BB54D8E4217276FB00CAF502 /* UIApplication.swift in Sources */,
				BBFD276020CE5D760065BFA1 /* UIView+AddAll.swift in Sources */,
				BB834453216026070011757E /* UIView+Baseline.swift in Sources */,
				BB546867215BFFEB00337775 /* RKConstraintBuilder.swift in Sources */,
				BB54687A215D5C1400337775 /* RKConstraintWidthBuilder.swift in Sources */,
				BBFD276420CE5D760065BFA1 /* UIView+Size.swift in Sources */,
				BB834458216028C70011757E /* RKConstraintFirstBaselineBuilder.swift in Sources */,
				BB546860215BFF2900337775 /* RKConstraintCenterXBuilder.swift in Sources */,
				BBFD275F20CE5D760065BFA1 /* SafeAreaCompatibility.swift in Sources */,
				BBFD276120CE5D760065BFA1 /* UIView+Edge.swift in Sources */,
				BB834443215FA8E60011757E /* RKConstraintTopBuilder.swift in Sources */,
				BB546873215D51BA00337775 /* RKConstraintSize.swift in Sources */,
				BBFD276320CE5D760065BFA1 /* UIView+Center.swift in Sources */,
				BB834445215FA8F30011757E /* RKConstraintLeadingBuilder.swift in Sources */,
				BB83443C215F9B090011757E /* RKConstraintLeftBuilder.swift in Sources */,
				BB834447215FA8FE0011757E /* RKConstraintRightBuilder.swift in Sources */,
				BB83445A216028EE0011757E /* RKConstraintLastBaselineBuilder.swift in Sources */,
				BB834449215FA90A0011757E /* RKConstraintTrailingBuilder.swift in Sources */,
				BB546864215BFF8300337775 /* RKConstraintCenter.swift in Sources */,
				BBFD276220CE5D760065BFA1 /* UIView+ConstraintStorage.swift in Sources */,
				BB83443E215F9B160011757E /* RKConstraintBottomBuilder.swift in Sources */,
				BB83443A215F9A820011757E /* RKConstraintEdge.swift in Sources */,
				BB834456216026B40011757E /* RKConstraintBaseline.swift in Sources */,
				BB91AF5D21A1B999005BB88D /* Typealiases.swift in Sources */,
				BBFD276520CE5D760065BFA1 /* RKAL.swift in Sources */,
				BB54687C215D5C2000337775 /* RKConstraintHeightBuilder.swift in Sources */,
				BB546862215BFF3200337775 /* RKConstraintCenterYBuilder.swift in Sources */,
			);
			runOnlyForDeploymentPostprocessing = 0;
		};
		BBB8FA9E20CE5CF300A81120 /* Sources */ = {
			isa = PBXSourcesBuildPhase;
			buildActionMask = 2147483647;
			files = (
				BB546870215D4F5900337775 /* UIViewExtAddAllTests.swift in Sources */,
				BB834451216016780011757E /* RKConstraintBuilderTests.swift in Sources */,
				BB54686D215C054700337775 /* UIViewExtCenterTests.swift in Sources */,
				BB834441215F9C240011757E /* UIViewExtEdgeTests.swift in Sources */,
				BB546876215D521500337775 /* RKConstraintSizeTests.swift in Sources */,
				BB83444D216013670011757E /* UIViewExtEdgeMinTests.swift in Sources */,
				BB546869215C005C00337775 /* RKConstraintCenterTests.swift in Sources */,
				BBB8FAA820CE5CF300A81120 /* ArrayExt.swift in Sources */,
				BB83445D2160C2CF0011757E /* RKConstraintBaselineTests.swift in Sources */,
				BB546878215D529C00337775 /* UIViewExtSizeTests.swift in Sources */,
				BB83444F216014470011757E /* UIViewExtEdgeMaxTests.swift in Sources */,
				BB83445F2160C67F0011757E /* UIViewExtBaselinesTests.swift in Sources */,
			);
			runOnlyForDeploymentPostprocessing = 0;
		};
/* End PBXSourcesBuildPhase section */

/* Begin PBXTargetDependency section */
		BBB8FAA520CE5CF300A81120 /* PBXTargetDependency */ = {
			isa = PBXTargetDependency;
			target = BBB8FA9820CE5CF300A81120 /* RKAutoLayout */;
			targetProxy = BBB8FAA420CE5CF300A81120 /* PBXContainerItemProxy */;
		};
/* End PBXTargetDependency section */

/* Begin XCBuildConfiguration section */
		BBB8FAAB20CE5CF300A81120 /* Debug */ = {
			isa = XCBuildConfiguration;
			buildSettings = {
				ALWAYS_SEARCH_USER_PATHS = NO;
				CLANG_ANALYZER_NONNULL = YES;
				CLANG_ANALYZER_NUMBER_OBJECT_CONVERSION = YES_AGGRESSIVE;
				CLANG_CXX_LANGUAGE_STANDARD = "gnu++14";
				CLANG_CXX_LIBRARY = "libc++";
				CLANG_ENABLE_MODULES = YES;
				CLANG_ENABLE_OBJC_ARC = YES;
				CLANG_ENABLE_OBJC_WEAK = YES;
				CLANG_WARN_BLOCK_CAPTURE_AUTORELEASING = YES;
				CLANG_WARN_BOOL_CONVERSION = YES;
				CLANG_WARN_COMMA = YES;
				CLANG_WARN_CONSTANT_CONVERSION = YES;
				CLANG_WARN_DEPRECATED_OBJC_IMPLEMENTATIONS = YES;
				CLANG_WARN_DIRECT_OBJC_ISA_USAGE = YES_ERROR;
				CLANG_WARN_DOCUMENTATION_COMMENTS = YES;
				CLANG_WARN_EMPTY_BODY = YES;
				CLANG_WARN_ENUM_CONVERSION = YES;
				CLANG_WARN_INFINITE_RECURSION = YES;
				CLANG_WARN_INT_CONVERSION = YES;
				CLANG_WARN_NON_LITERAL_NULL_CONVERSION = YES;
				CLANG_WARN_OBJC_IMPLICIT_RETAIN_SELF = YES;
				CLANG_WARN_OBJC_LITERAL_CONVERSION = YES;
				CLANG_WARN_OBJC_ROOT_CLASS = YES_ERROR;
				CLANG_WARN_RANGE_LOOP_ANALYSIS = YES;
				CLANG_WARN_STRICT_PROTOTYPES = YES;
				CLANG_WARN_SUSPICIOUS_MOVE = YES;
				CLANG_WARN_UNGUARDED_AVAILABILITY = YES_AGGRESSIVE;
				CLANG_WARN_UNREACHABLE_CODE = YES;
				CLANG_WARN__DUPLICATE_METHOD_MATCH = YES;
				CODE_SIGN_IDENTITY = "iPhone Developer";
				COPY_PHASE_STRIP = NO;
				CURRENT_PROJECT_VERSION = 1;
				DEBUG_INFORMATION_FORMAT = dwarf;
				ENABLE_STRICT_OBJC_MSGSEND = YES;
				ENABLE_TESTABILITY = YES;
				GCC_C_LANGUAGE_STANDARD = gnu11;
				GCC_DYNAMIC_NO_PIC = NO;
				GCC_NO_COMMON_BLOCKS = YES;
				GCC_OPTIMIZATION_LEVEL = 0;
				GCC_PREPROCESSOR_DEFINITIONS = (
					"DEBUG=1",
					"$(inherited)",
				);
				GCC_WARN_64_TO_32_BIT_CONVERSION = YES;
				GCC_WARN_ABOUT_RETURN_TYPE = YES_ERROR;
				GCC_WARN_UNDECLARED_SELECTOR = YES;
				GCC_WARN_UNINITIALIZED_AUTOS = YES_AGGRESSIVE;
				GCC_WARN_UNUSED_FUNCTION = YES;
				GCC_WARN_UNUSED_VARIABLE = YES;
				IPHONEOS_DEPLOYMENT_TARGET = 11.3;
				MTL_ENABLE_DEBUG_INFO = YES;
				ONLY_ACTIVE_ARCH = YES;
				SDKROOT = iphoneos;
				SWIFT_ACTIVE_COMPILATION_CONDITIONS = DEBUG;
				SWIFT_OPTIMIZATION_LEVEL = "-Onone";
				VERSIONING_SYSTEM = "apple-generic";
				VERSION_INFO_PREFIX = "";
			};
			name = Debug;
		};
		BBB8FAAC20CE5CF300A81120 /* Release */ = {
			isa = XCBuildConfiguration;
			buildSettings = {
				ALWAYS_SEARCH_USER_PATHS = NO;
				CLANG_ANALYZER_NONNULL = YES;
				CLANG_ANALYZER_NUMBER_OBJECT_CONVERSION = YES_AGGRESSIVE;
				CLANG_CXX_LANGUAGE_STANDARD = "gnu++14";
				CLANG_CXX_LIBRARY = "libc++";
				CLANG_ENABLE_MODULES = YES;
				CLANG_ENABLE_OBJC_ARC = YES;
				CLANG_ENABLE_OBJC_WEAK = YES;
				CLANG_WARN_BLOCK_CAPTURE_AUTORELEASING = YES;
				CLANG_WARN_BOOL_CONVERSION = YES;
				CLANG_WARN_COMMA = YES;
				CLANG_WARN_CONSTANT_CONVERSION = YES;
				CLANG_WARN_DEPRECATED_OBJC_IMPLEMENTATIONS = YES;
				CLANG_WARN_DIRECT_OBJC_ISA_USAGE = YES_ERROR;
				CLANG_WARN_DOCUMENTATION_COMMENTS = YES;
				CLANG_WARN_EMPTY_BODY = YES;
				CLANG_WARN_ENUM_CONVERSION = YES;
				CLANG_WARN_INFINITE_RECURSION = YES;
				CLANG_WARN_INT_CONVERSION = YES;
				CLANG_WARN_NON_LITERAL_NULL_CONVERSION = YES;
				CLANG_WARN_OBJC_IMPLICIT_RETAIN_SELF = YES;
				CLANG_WARN_OBJC_LITERAL_CONVERSION = YES;
				CLANG_WARN_OBJC_ROOT_CLASS = YES_ERROR;
				CLANG_WARN_RANGE_LOOP_ANALYSIS = YES;
				CLANG_WARN_STRICT_PROTOTYPES = YES;
				CLANG_WARN_SUSPICIOUS_MOVE = YES;
				CLANG_WARN_UNGUARDED_AVAILABILITY = YES_AGGRESSIVE;
				CLANG_WARN_UNREACHABLE_CODE = YES;
				CLANG_WARN__DUPLICATE_METHOD_MATCH = YES;
				CODE_SIGN_IDENTITY = "iPhone Developer";
				COPY_PHASE_STRIP = NO;
				CURRENT_PROJECT_VERSION = 1;
				DEBUG_INFORMATION_FORMAT = "dwarf-with-dsym";
				ENABLE_NS_ASSERTIONS = NO;
				ENABLE_STRICT_OBJC_MSGSEND = YES;
				GCC_C_LANGUAGE_STANDARD = gnu11;
				GCC_NO_COMMON_BLOCKS = YES;
				GCC_WARN_64_TO_32_BIT_CONVERSION = YES;
				GCC_WARN_ABOUT_RETURN_TYPE = YES_ERROR;
				GCC_WARN_UNDECLARED_SELECTOR = YES;
				GCC_WARN_UNINITIALIZED_AUTOS = YES_AGGRESSIVE;
				GCC_WARN_UNUSED_FUNCTION = YES;
				GCC_WARN_UNUSED_VARIABLE = YES;
				IPHONEOS_DEPLOYMENT_TARGET = 11.3;
				MTL_ENABLE_DEBUG_INFO = NO;
				SDKROOT = iphoneos;
				SWIFT_COMPILATION_MODE = wholemodule;
				SWIFT_OPTIMIZATION_LEVEL = "-O";
				VALIDATE_PRODUCT = YES;
				VERSIONING_SYSTEM = "apple-generic";
				VERSION_INFO_PREFIX = "";
			};
			name = Release;
		};
		BBB8FAAE20CE5CF300A81120 /* Debug */ = {
			isa = XCBuildConfiguration;
			buildSettings = {
				CODE_SIGN_IDENTITY = "";
				CODE_SIGN_STYLE = Automatic;
				DEFINES_MODULE = YES;
				DYLIB_COMPATIBILITY_VERSION = 1;
				DYLIB_CURRENT_VERSION = 1;
				DYLIB_INSTALL_NAME_BASE = "@rpath";
				INFOPLIST_FILE = RKAutoLayout/Info.plist;
				INSTALL_PATH = "$(LOCAL_LIBRARY_DIR)/Frameworks";
				IPHONEOS_DEPLOYMENT_TARGET = 9.0;
				LD_RUNPATH_SEARCH_PATHS = (
					"$(inherited)",
					"@executable_path/Frameworks",
					"@loader_path/Frameworks",
				);
				PRODUCT_BUNDLE_IDENTIFIER = com.waydeveloper.RKAutoLayout;
				PRODUCT_NAME = "$(TARGET_NAME:c99extidentifier)";
				SKIP_INSTALL = YES;
				SWIFT_VERSION = 4.2;
				TARGETED_DEVICE_FAMILY = "1,2";
			};
			name = Debug;
		};
		BBB8FAAF20CE5CF300A81120 /* Release */ = {
			isa = XCBuildConfiguration;
			buildSettings = {
				CODE_SIGN_IDENTITY = "";
				CODE_SIGN_STYLE = Automatic;
				DEFINES_MODULE = YES;
				DYLIB_COMPATIBILITY_VERSION = 1;
				DYLIB_CURRENT_VERSION = 1;
				DYLIB_INSTALL_NAME_BASE = "@rpath";
				INFOPLIST_FILE = RKAutoLayout/Info.plist;
				INSTALL_PATH = "$(LOCAL_LIBRARY_DIR)/Frameworks";
				IPHONEOS_DEPLOYMENT_TARGET = 9.0;
				LD_RUNPATH_SEARCH_PATHS = (
					"$(inherited)",
					"@executable_path/Frameworks",
					"@loader_path/Frameworks",
				);
				PRODUCT_BUNDLE_IDENTIFIER = com.waydeveloper.RKAutoLayout;
				PRODUCT_NAME = "$(TARGET_NAME:c99extidentifier)";
				SKIP_INSTALL = YES;
				SWIFT_VERSION = 4.2;
				TARGETED_DEVICE_FAMILY = "1,2";
			};
			name = Release;
		};
		BBB8FAB120CE5CF300A81120 /* Debug */ = {
			isa = XCBuildConfiguration;
			buildSettings = {
				ALWAYS_EMBED_SWIFT_STANDARD_LIBRARIES = YES;
				CODE_SIGN_STYLE = Automatic;
				INFOPLIST_FILE = RKAutoLayoutTests/Info.plist;
				LD_RUNPATH_SEARCH_PATHS = (
					"$(inherited)",
					"@executable_path/Frameworks",
					"@loader_path/Frameworks",
				);
				PRODUCT_BUNDLE_IDENTIFIER = com.waydeveloper.RKAutoLayoutTests;
				PRODUCT_NAME = "$(TARGET_NAME)";
				SWIFT_VERSION = 4.2;
				TARGETED_DEVICE_FAMILY = "1,2";
			};
			name = Debug;
		};
		BBB8FAB220CE5CF300A81120 /* Release */ = {
			isa = XCBuildConfiguration;
			buildSettings = {
				ALWAYS_EMBED_SWIFT_STANDARD_LIBRARIES = YES;
				CODE_SIGN_STYLE = Automatic;
				INFOPLIST_FILE = RKAutoLayoutTests/Info.plist;
				LD_RUNPATH_SEARCH_PATHS = (
					"$(inherited)",
					"@executable_path/Frameworks",
					"@loader_path/Frameworks",
				);
				PRODUCT_BUNDLE_IDENTIFIER = com.waydeveloper.RKAutoLayoutTests;
				PRODUCT_NAME = "$(TARGET_NAME)";
				SWIFT_VERSION = 4.2;
				TARGETED_DEVICE_FAMILY = "1,2";
			};
			name = Release;
		};
/* End XCBuildConfiguration section */

/* Begin XCConfigurationList section */
		BBB8FA9320CE5CF300A81120 /* Build configuration list for PBXProject "RKAutoLayout" */ = {
			isa = XCConfigurationList;
			buildConfigurations = (
				BBB8FAAB20CE5CF300A81120 /* Debug */,
				BBB8FAAC20CE5CF300A81120 /* Release */,
			);
			defaultConfigurationIsVisible = 0;
			defaultConfigurationName = Release;
		};
		BBB8FAAD20CE5CF300A81120 /* Build configuration list for PBXNativeTarget "RKAutoLayout" */ = {
			isa = XCConfigurationList;
			buildConfigurations = (
				BBB8FAAE20CE5CF300A81120 /* Debug */,
				BBB8FAAF20CE5CF300A81120 /* Release */,
			);
			defaultConfigurationIsVisible = 0;
			defaultConfigurationName = Release;
		};
		BBB8FAB020CE5CF300A81120 /* Build configuration list for PBXNativeTarget "RKAutoLayoutTests" */ = {
			isa = XCConfigurationList;
			buildConfigurations = (
				BBB8FAB120CE5CF300A81120 /* Debug */,
				BBB8FAB220CE5CF300A81120 /* Release */,
			);
			defaultConfigurationIsVisible = 0;
			defaultConfigurationName = Release;
		};
/* End XCConfigurationList section */
	};
	rootObject = BBB8FA9020CE5CF300A81120 /* Project object */;
}
